
Microsoft Visual Studio Solution File, Format Version 12.00
# Visual Studio 14
VisualStudioVersion = 14.0.25420.1
MinimumVisualStudioVersion = 10.0.40219.1
Project("{FAE04EC0-301F-11D3-BF4B-00C04F79EFBC}") = "GEV.UMP.Core", "GEV.UMP.Core\GEV.UMP.Core.csproj", "{5B5116A2-D371-4345-980B-CA88750F1B13}"
EndProject
Project("{FAE04EC0-301F-11D3-BF4B-00C04F79EFBC}") = "GEV.UMP.Utils", "GEV.UMP.Utils\GEV.UMP.Utils.csproj", "{069EC950-E431-4FEC-AF80-00AB93057E4D}"
EndProject
Project("{FAE04EC0-301F-11D3-BF4B-00C04F79EFBC}") = "GEV.UMP.Devices.Cameras", "GEV.UMP.Devices.Cameras\GEV.UMP.Devices.Cameras.csproj", "{43FA2934-6162-4EC2-B647-22AEA803435E}"
EndProject
Project("{FAE04EC0-301F-11D3-BF4B-00C04F79EFBC}") = "GEV.UMP.Devices.Cognex.Insight", "GEV.UMP.Devices.Cognex.Insight\GEV.UMP.Devices.Cognex.Insight.csproj", "{8E3C449F-84F8-4CF5-A059-BEED3ACBCAE2}"
EndProject
Project("{FAE04EC0-301F-11D3-BF4B-00C04F79EFBC}") = "GEV.UMP.Processors.Cognex.VisionPro", "GEV.UMP.Processors.Cognex.VisionPro\GEV.UMP.Processors.Cognex.VisionPro.csproj", "{2A5EB7E9-37A6-4202-BBDE-0636D5FCD0B0}"
EndProject
Project("{FAE04EC0-301F-11D3-BF4B-00C04F79EFBC}") = "GEV.Ump.Processors.Imaging", "GEV.Ump.Processors.Imaging\GEV.Ump.Processors.Imaging.csproj", "{CF308372-2D8C-4F13-ADEF-DA518CD4A3BE}"
EndProject
Project("{FAE04EC0-301F-11D3-BF4B-00C04F79EFBC}") = "GEV.UMP.Configuration", "GEV.UMP.Configuration\GEV.UMP.Configuration.csproj", "{EB9361E8-83BC-4C39-ABEF-7A14FA41B627}"
EndProject
Project("{2150E333-8FDC-42A3-9474-1A3956D46DE8}") = "Core functionality", "Core functionality", "{1346FB1A-BAAA-482B-B410-D4BADB864DDF}"
EndProject
Project("{2150E333-8FDC-42A3-9474-1A3956D46DE8}") = "Imaging", "Imaging", "{B7ABF80F-1E5E-4CC1-8219-082F68118DB2}"
EndProject
Project("{FAE04EC0-301F-11D3-BF4B-00C04F79EFBC}") = "GEV.UMP.Samples.Images", "GEV.UMP.Samples.Images\GEV.UMP.Samples.Images.csproj", "{595D759B-21C1-46FB-84AB-A15E78F83C8E}"
EndProject
Project("{2150E333-8FDC-42A3-9474-1A3956D46DE8}") = "DAQ", "DAQ", "{FF0DA8C9-CCA2-47B8-A8FD-12CB5CDFC5B9}"
EndProject
Project("{2150E333-8FDC-42A3-9474-1A3956D46DE8}") = "Nodes", "Nodes", "{BF1CA4A8-FADF-4BBA-88FB-99C456CF5AD9}"
EndProject
Project("{2150E333-8FDC-42A3-9474-1A3956D46DE8}") = "IO", "IO", "{A699E4DE-96D5-43B0-B6AD-6F80CEA01EDC}"
EndProject
Project("{FAE04EC0-301F-11D3-BF4B-00C04F79EFBC}") = "GEV.UMP.Nodes", "GEV.UMP.Nodes\GEV.UMP.Nodes.csproj", "{7B4FF6EF-1373-4BF0-96DD-A3776B03129D}"
EndProject
Project("{FAE04EC0-301F-11D3-BF4B-00C04F79EFBC}") = "GEV.UMP.Communication", "GEV.UMP.Communication\GEV.UMP.Communication.csproj", "{02F2ADCE-C77D-4705-96B8-BC06499B9411}"
EndProject
Project("{2150E333-8FDC-42A3-9474-1A3956D46DE8}") = "Item handling and result calculation", "Item handling and result calculation", "{B36C0A7A-924E-4A76-9471-8AF48C1C66D7}"
EndProject
Project("{2150E333-8FDC-42A3-9474-1A3956D46DE8}") = "Measurement fields", "Measurement fields", "{CB990328-AF65-4751-8667-5F3586A9F8CE}"
EndProject
Project("{FAE04EC0-301F-11D3-BF4B-00C04F79EFBC}") = "GEV.UMP.Devices.Cognex.DataMan", "GEV.UMP.Devices.Cognex.DataMan\GEV.UMP.Devices.Cognex.DataMan.csproj", "{56B31064-BF4E-42ED-ACCF-343BCBF0828B}"
EndProject
Project("{FAE04EC0-301F-11D3-BF4B-00C04F79EFBC}") = "GEV.UMP.Calculation", "GEV.UMP.Calculation\GEV.UMP.Calculation.csproj", "{96B7630A-8A49-449D-911C-783665A3F027}"
EndProject
Project("{FAE04EC0-301F-11D3-BF4B-00C04F79EFBC}") = "GEV.UMP.Devices.Common", "GEV.UMP.Devices.IO\GEV.UMP.Devices.Common.csproj", "{AD592EE8-91B1-4D2A-AD26-3243DD94C7A1}"
EndProject
Project("{2150E333-8FDC-42A3-9474-1A3956D46DE8}") = "Framework", "Framework", "{F395A22B-AF68-46B3-BCB6-B64BA97A6BC0}"
EndProject
Project("{2150E333-8FDC-42A3-9474-1A3956D46DE8}") = "Tests", "Tests", "{403C826F-3128-46BE-B673-86B671DF3F54}"
EndProject
Project("{FAE04EC0-301F-11D3-BF4B-00C04F79EFBC}") = "SimpleExecutable", "SimpleExecutable\SimpleExecutable.csproj", "{C3A9BB51-0BFE-4208-9EDC-34F3B3429CC1}"
EndProject
Global
	GlobalSection(SolutionConfigurationPlatforms) = preSolution
		Debug|Any CPU = Debug|Any CPU
		Release|Any CPU = Release|Any CPU
	EndGlobalSection
	GlobalSection(ProjectConfigurationPlatforms) = postSolution
		{5B5116A2-D371-4345-980B-CA88750F1B13}.Debug|Any CPU.ActiveCfg = Debug|Any CPU
		{5B5116A2-D371-4345-980B-CA88750F1B13}.Debug|Any CPU.Build.0 = Debug|Any CPU
		{5B5116A2-D371-4345-980B-CA88750F1B13}.Release|Any CPU.ActiveCfg = Release|Any CPU
		{5B5116A2-D371-4345-980B-CA88750F1B13}.Release|Any CPU.Build.0 = Release|Any CPU
		{069EC950-E431-4FEC-AF80-00AB93057E4D}.Debug|Any CPU.ActiveCfg = Debug|Any CPU
		{069EC950-E431-4FEC-AF80-00AB93057E4D}.Debug|Any CPU.Build.0 = Debug|Any CPU
		{069EC950-E431-4FEC-AF80-00AB93057E4D}.Release|Any CPU.ActiveCfg = Release|Any CPU
		{069EC950-E431-4FEC-AF80-00AB93057E4D}.Release|Any CPU.Build.0 = Release|Any CPU
		{43FA2934-6162-4EC2-B647-22AEA803435E}.Debug|Any CPU.ActiveCfg = Debug|Any CPU
		{43FA2934-6162-4EC2-B647-22AEA803435E}.Debug|Any CPU.Build.0 = Debug|Any CPU
		{43FA2934-6162-4EC2-B647-22AEA803435E}.Release|Any CPU.ActiveCfg = Release|Any CPU
		{43FA2934-6162-4EC2-B647-22AEA803435E}.Release|Any CPU.Build.0 = Release|Any CPU
		{8E3C449F-84F8-4CF5-A059-BEED3ACBCAE2}.Debug|Any CPU.ActiveCfg = Debug|Any CPU
		{8E3C449F-84F8-4CF5-A059-BEED3ACBCAE2}.Debug|Any CPU.Build.0 = Debug|Any CPU
		{8E3C449F-84F8-4CF5-A059-BEED3ACBCAE2}.Release|Any CPU.ActiveCfg = Release|Any CPU
		{8E3C449F-84F8-4CF5-A059-BEED3ACBCAE2}.Release|Any CPU.Build.0 = Release|Any CPU
		{2A5EB7E9-37A6-4202-BBDE-0636D5FCD0B0}.Debug|Any CPU.ActiveCfg = Debug|Any CPU
		{2A5EB7E9-37A6-4202-BBDE-0636D5FCD0B0}.Debug|Any CPU.Build.0 = Debug|Any CPU
		{2A5EB7E9-37A6-4202-BBDE-0636D5FCD0B0}.Release|Any CPU.ActiveCfg = Release|Any CPU
		{2A5EB7E9-37A6-4202-BBDE-0636D5FCD0B0}.Release|Any CPU.Build.0 = Release|Any CPU
		{CF308372-2D8C-4F13-ADEF-DA518CD4A3BE}.Debug|Any CPU.ActiveCfg = Debug|Any CPU
		{CF308372-2D8C-4F13-ADEF-DA518CD4A3BE}.Debug|Any CPU.Build.0 = Debug|Any CPU
		{CF308372-2D8C-4F13-ADEF-DA518CD4A3BE}.Release|Any CPU.ActiveCfg = Release|Any CPU
		{CF308372-2D8C-4F13-ADEF-DA518CD4A3BE}.Release|Any CPU.Build.0 = Release|Any CPU
		{EB9361E8-83BC-4C39-ABEF-7A14FA41B627}.Debug|Any CPU.ActiveCfg = Debug|Any CPU
		{EB9361E8-83BC-4C39-ABEF-7A14FA41B627}.Debug|Any CPU.Build.0 = Debug|Any CPU
		{EB9361E8-83BC-4C39-ABEF-7A14FA41B627}.Release|Any CPU.ActiveCfg = Release|Any CPU
		{EB9361E8-83BC-4C39-ABEF-7A14FA41B627}.Release|Any CPU.Build.0 = Release|Any CPU
		{595D759B-21C1-46FB-84AB-A15E78F83C8E}.Debug|Any CPU.ActiveCfg = Debug|Any CPU
		{595D759B-21C1-46FB-84AB-A15E78F83C8E}.Debug|Any CPU.Build.0 = Debug|Any CPU
		{595D759B-21C1-46FB-84AB-A15E78F83C8E}.Release|Any CPU.ActiveCfg = Release|Any CPU
		{595D759B-21C1-46FB-84AB-A15E78F83C8E}.Release|Any CPU.Build.0 = Release|Any CPU
		{7B4FF6EF-1373-4BF0-96DD-A3776B03129D}.Debug|Any CPU.ActiveCfg = Debug|Any CPU
		{7B4FF6EF-1373-4BF0-96DD-A3776B03129D}.Debug|Any CPU.Build.0 = Debug|Any CPU
		{7B4FF6EF-1373-4BF0-96DD-A3776B03129D}.Release|Any CPU.ActiveCfg = Release|Any CPU
		{7B4FF6EF-1373-4BF0-96DD-A3776B03129D}.Release|Any CPU.Build.0 = Release|Any CPU
		{02F2ADCE-C77D-4705-96B8-BC06499B9411}.Debug|Any CPU.ActiveCfg = Debug|Any CPU
		{02F2ADCE-C77D-4705-96B8-BC06499B9411}.Debug|Any CPU.Build.0 = Debug|Any CPU
		{02F2ADCE-C77D-4705-96B8-BC06499B9411}.Release|Any CPU.ActiveCfg = Release|Any CPU
		{02F2ADCE-C77D-4705-96B8-BC06499B9411}.Release|Any CPU.Build.0 = Release|Any CPU
		{56B31064-BF4E-42ED-ACCF-343BCBF0828B}.Debug|Any CPU.ActiveCfg = Debug|Any CPU
		{56B31064-BF4E-42ED-ACCF-343BCBF0828B}.Debug|Any CPU.Build.0 = Debug|Any CPU
		{56B31064-BF4E-42ED-ACCF-343BCBF0828B}.Release|Any CPU.ActiveCfg = Release|Any CPU
		{56B31064-BF4E-42ED-ACCF-343BCBF0828B}.Release|Any CPU.Build.0 = Release|Any CPU
		{96B7630A-8A49-449D-911C-783665A3F027}.Debug|Any CPU.ActiveCfg = Debug|Any CPU
		{96B7630A-8A49-449D-911C-783665A3F027}.Debug|Any CPU.Build.0 = Debug|Any CPU
		{96B7630A-8A49-449D-911C-783665A3F027}.Release|Any CPU.ActiveCfg = Release|Any CPU
		{96B7630A-8A49-449D-911C-783665A3F027}.Release|Any CPU.Build.0 = Release|Any CPU
		{AD592EE8-91B1-4D2A-AD26-3243DD94C7A1}.Debug|Any CPU.ActiveCfg = Debug|Any CPU
		{AD592EE8-91B1-4D2A-AD26-3243DD94C7A1}.Debug|Any CPU.Build.0 = Debug|Any CPU
		{AD592EE8-91B1-4D2A-AD26-3243DD94C7A1}.Release|Any CPU.ActiveCfg = Release|Any CPU
		{AD592EE8-91B1-4D2A-AD26-3243DD94C7A1}.Release|Any CPU.Build.0 = Release|Any CPU
		{C3A9BB51-0BFE-4208-9EDC-34F3B3429CC1}.Debug|Any CPU.ActiveCfg = Debug|Any CPU
		{C3A9BB51-0BFE-4208-9EDC-34F3B3429CC1}.Debug|Any CPU.Build.0 = Debug|Any CPU
		{C3A9BB51-0BFE-4208-9EDC-34F3B3429CC1}.Release|Any CPU.ActiveCfg = Release|Any CPU
		{C3A9BB51-0BFE-4208-9EDC-34F3B3429CC1}.Release|Any CPU.Build.0 = Release|Any CPU
	EndGlobalSection
	GlobalSection(SolutionProperties) = preSolution
		HideSolutionNode = FALSE
	EndGlobalSection
	GlobalSection(NestedProjects) = preSolution
		{5B5116A2-D371-4345-980B-CA88750F1B13} = {1346FB1A-BAAA-482B-B410-D4BADB864DDF}
		{069EC950-E431-4FEC-AF80-00AB93057E4D} = {1346FB1A-BAAA-482B-B410-D4BADB864DDF}
		{43FA2934-6162-4EC2-B647-22AEA803435E} = {B7ABF80F-1E5E-4CC1-8219-082F68118DB2}
		{8E3C449F-84F8-4CF5-A059-BEED3ACBCAE2} = {B7ABF80F-1E5E-4CC1-8219-082F68118DB2}
		{2A5EB7E9-37A6-4202-BBDE-0636D5FCD0B0} = {B7ABF80F-1E5E-4CC1-8219-082F68118DB2}
		{CF308372-2D8C-4F13-ADEF-DA518CD4A3BE} = {B7ABF80F-1E5E-4CC1-8219-082F68118DB2}
		{EB9361E8-83BC-4C39-ABEF-7A14FA41B627} = {1346FB1A-BAAA-482B-B410-D4BADB864DDF}
		{1346FB1A-BAAA-482B-B410-D4BADB864DDF} = {F395A22B-AF68-46B3-BCB6-B64BA97A6BC0}
		{B7ABF80F-1E5E-4CC1-8219-082F68118DB2} = {CB990328-AF65-4751-8667-5F3586A9F8CE}
		{595D759B-21C1-46FB-84AB-A15E78F83C8E} = {B7ABF80F-1E5E-4CC1-8219-082F68118DB2}
		{FF0DA8C9-CCA2-47B8-A8FD-12CB5CDFC5B9} = {CB990328-AF65-4751-8667-5F3586A9F8CE}
		{BF1CA4A8-FADF-4BBA-88FB-99C456CF5AD9} = {F395A22B-AF68-46B3-BCB6-B64BA97A6BC0}
		{A699E4DE-96D5-43B0-B6AD-6F80CEA01EDC} = {F395A22B-AF68-46B3-BCB6-B64BA97A6BC0}
		{7B4FF6EF-1373-4BF0-96DD-A3776B03129D} = {BF1CA4A8-FADF-4BBA-88FB-99C456CF5AD9}
		{02F2ADCE-C77D-4705-96B8-BC06499B9411} = {BF1CA4A8-FADF-4BBA-88FB-99C456CF5AD9}
		{B36C0A7A-924E-4A76-9471-8AF48C1C66D7} = {F395A22B-AF68-46B3-BCB6-B64BA97A6BC0}
		{CB990328-AF65-4751-8667-5F3586A9F8CE} = {F395A22B-AF68-46B3-BCB6-B64BA97A6BC0}
		{56B31064-BF4E-42ED-ACCF-343BCBF0828B} = {FF0DA8C9-CCA2-47B8-A8FD-12CB5CDFC5B9}
		{96B7630A-8A49-449D-911C-783665A3F027} = {B36C0A7A-924E-4A76-9471-8AF48C1C66D7}
		{AD592EE8-91B1-4D2A-AD26-3243DD94C7A1} = {A699E4DE-96D5-43B0-B6AD-6F80CEA01EDC}
		{C3A9BB51-0BFE-4208-9EDC-34F3B3429CC1} = {403C826F-3128-46BE-B673-86B671DF3F54}
	EndGlobalSection
EndGlobal
